
Microsoft Visual Studio Solution File, Format Version 12.00
# Visual Studio Version 16
VisualStudioVersion = 16.0.31025.194
MinimumVisualStudioVersion = 10.0.40219.1
Project("{FAE04EC0-301F-11D3-BF4B-00C04F79EFBC}") = "Projecto", "Projecto\Projecto.csproj", "{5D337335-2D9F-458F-BCCE-0A58287E88F9}"
EndProject
Global
	GlobalSection(SolutionConfigurationPlatforms) = preSolution
		Debug|Any CPU = Debug|Any CPU
		Release|Any CPU = Release|Any CPU
	EndGlobalSection
	GlobalSection(ProjectConfigurationPlatforms) = postSolution
		{5D337335-2D9F-458F-BCCE-0A58287E88F9}.Debug|Any CPU.ActiveCfg = Debug|Any CPU
		{5D337335-2D9F-458F-BCCE-0A58287E88F9}.Debug|Any CPU.Build.0 = Debug|Any CPU
		{5D337335-2D9F-458F-BCCE-0A58287E88F9}.Release|Any CPU.ActiveCfg = Release|Any CPU
		{5D337335-2D9F-458F-BCCE-0A58287E88F9}.Release|Any CPU.Build.0 = Release|Any CPU
	EndGlobalSection
	GlobalSection(SolutionProperties) = preSolution
		HideSolutionNode = FALSE
	EndGlobalSection
	GlobalSection(ExtensibilityGlobals) = postSolution
		SolutionGuid = {129A4948-6D02-4974-94B1-CBFB8702E6DA}
	EndGlobalSection
EndGlobal
